
Microsoft Visual Studio Solution File, Format Version 12.00
# Visual Studio Version 17
VisualStudioVersion = 17.0.31903.59
MinimumVisualStudioVersion = 10.0.40219.1
Project("{FAE04EC0-301F-11D3-BF4B-00C04F79EFBC}") = "College_MVC_SQL", "College_MVC_SQL.csproj", "{85C4BBF4-B11B-4209-A0DD-CD9DECB01F87}"
EndProject
Global
	GlobalSection(SolutionConfigurationPlatforms) = preSolution
		Debug|Any CPU = Debug|Any CPU
		Release|Any CPU = Release|Any CPU
	EndGlobalSection
	GlobalSection(ProjectConfigurationPlatforms) = postSolution
		{85C4BBF4-B11B-4209-A0DD-CD9DECB01F87}.Debug|Any CPU.ActiveCfg = Debug|Any CPU
		{85C4BBF4-B11B-4209-A0DD-CD9DECB01F87}.Debug|Any CPU.Build.0 = Debug|Any CPU
		{85C4BBF4-B11B-4209-A0DD-CD9DECB01F87}.Release|Any CPU.ActiveCfg = Release|Any CPU
		{85C4BBF4-B11B-4209-A0DD-CD9DECB01F87}.Release|Any CPU.Build.0 = Release|Any CPU
	EndGlobalSection
	GlobalSection(SolutionProperties) = preSolution
		HideSolutionNode = FALSE
	EndGlobalSection
	GlobalSection(ExtensibilityGlobals) = postSolution
		SolutionGuid = {D9901D9C-DE40-4048-971C-FB815AEB2FA9}
	EndGlobalSection
EndGlobal
